
Microsoft Visual Studio Solution File, Format Version 12.00
# Visual Studio Version 17
VisualStudioVersion = 17.0.31903.59
MinimumVisualStudioVersion = 10.0.40219.1
Project("{9A19103F-16F7-4668-BE54-9A1E7A4F7556}") = "PowerGrid", "PowerGrid\PowerGrid.csproj", "{7399AA91-480E-4048-BD34-DA02A0C24CBE}"
EndProject
Project("{9A19103F-16F7-4668-BE54-9A1E7A4F7556}") = "PowerGrid.Tests", "PowerGrid.Tests\PowerGrid.Tests.csproj", "{18A8A02A-69B0-4E21-B7A5-C77016714227}"
EndProject
Project("{9A19103F-16F7-4668-BE54-9A1E7A4F7556}") = "PowerGridMapDemo", "PowerGridMapDemo\PowerGridMapDemo.csproj", "{3DBA81A8-BE6E-4487-9E8D-B69C32D7E5BC}"
EndProject
Global
	GlobalSection(SolutionConfigurationPlatforms) = preSolution
		Debug|Any CPU = Debug|Any CPU
		Debug|x86 = Debug|x86
		Release|Any CPU = Release|Any CPU
		Release|x86 = Release|x86
	EndGlobalSection
	GlobalSection(ProjectConfigurationPlatforms) = postSolution
		{7399AA91-480E-4048-BD34-DA02A0C24CBE}.Debug|Any CPU.ActiveCfg = Debug|Any CPU
		{7399AA91-480E-4048-BD34-DA02A0C24CBE}.Debug|Any CPU.Build.0 = Debug|Any CPU
		{7399AA91-480E-4048-BD34-DA02A0C24CBE}.Debug|x86.ActiveCfg = Debug|Any CPU
		{7399AA91-480E-4048-BD34-DA02A0C24CBE}.Debug|x86.Build.0 = Debug|Any CPU
		{7399AA91-480E-4048-BD34-DA02A0C24CBE}.Release|Any CPU.ActiveCfg = Release|Any CPU
		{7399AA91-480E-4048-BD34-DA02A0C24CBE}.Release|Any CPU.Build.0 = Release|Any CPU
		{7399AA91-480E-4048-BD34-DA02A0C24CBE}.Release|x86.ActiveCfg = Release|Any CPU
		{7399AA91-480E-4048-BD34-DA02A0C24CBE}.Release|x86.Build.0 = Release|Any CPU
		{18A8A02A-69B0-4E21-B7A5-C77016714227}.Debug|Any CPU.ActiveCfg = Debug|Any CPU
		{18A8A02A-69B0-4E21-B7A5-C77016714227}.Debug|Any CPU.Build.0 = Debug|Any CPU
		{18A8A02A-69B0-4E21-B7A5-C77016714227}.Debug|x86.ActiveCfg = Debug|Any CPU
		{18A8A02A-69B0-4E21-B7A5-C77016714227}.Debug|x86.Build.0 = Debug|Any CPU
		{18A8A02A-69B0-4E21-B7A5-C77016714227}.Release|Any CPU.ActiveCfg = Release|Any CPU
		{18A8A02A-69B0-4E21-B7A5-C77016714227}.Release|Any CPU.Build.0 = Release|Any CPU
		{18A8A02A-69B0-4E21-B7A5-C77016714227}.Release|x86.ActiveCfg = Release|Any CPU
		{18A8A02A-69B0-4E21-B7A5-C77016714227}.Release|x86.Build.0 = Release|Any CPU
		{3DBA81A8-BE6E-4487-9E8D-B69C32D7E5BC}.Debug|Any CPU.ActiveCfg = Debug|Any CPU
		{3DBA81A8-BE6E-4487-9E8D-B69C32D7E5BC}.Debug|Any CPU.Build.0 = Debug|Any CPU
		{3DBA81A8-BE6E-4487-9E8D-B69C32D7E5BC}.Debug|x86.ActiveCfg = Debug|Any CPU
		{3DBA81A8-BE6E-4487-9E8D-B69C32D7E5BC}.Debug|x86.Build.0 = Debug|Any CPU
		{3DBA81A8-BE6E-4487-9E8D-B69C32D7E5BC}.Release|Any CPU.ActiveCfg = Release|Any CPU
		{3DBA81A8-BE6E-4487-9E8D-B69C32D7E5BC}.Release|Any CPU.Build.0 = Release|Any CPU
		{3DBA81A8-BE6E-4487-9E8D-B69C32D7E5BC}.Release|x86.ActiveCfg = Release|Any CPU
		{3DBA81A8-BE6E-4487-9E8D-B69C32D7E5BC}.Release|x86.Build.0 = Release|Any CPU
	EndGlobalSection
	GlobalSection(SolutionProperties) = preSolution
		HideSolutionNode = FALSE
	EndGlobalSection
	GlobalSection(ExtensibilityGlobals) = postSolution
		SolutionGuid = {2D21F128-F2E0-4733-9BC3-91D3A6617A66}
	EndGlobalSection
EndGlobal
